
Microsoft Visual Studio Solution File, Format Version 12.00
# Visual Studio Version 17
VisualStudioVersion = 17.14.36408.4
MinimumVisualStudioVersion = 10.0.40219.1
Project("{FAE04EC0-301F-11D3-BF4B-00C04F79EFBC}") = "Exercicio3", "Exercicio3\Exercicio3.csproj", "{820AFD14-C86E-4E76-9DA6-C96F893BE15B}"
EndProject
Project("{FAE04EC0-301F-11D3-BF4B-00C04F79EFBC}") = "Exercicio4", "Exercicio4\Exercicio4.csproj", "{28A326BF-3772-4515-8E8D-4F1510005372}"
EndProject
Project("{FAE04EC0-301F-11D3-BF4B-00C04F79EFBC}") = "Exercicio5", "Exercicio5\Exercicio5.csproj", "{DBD44BBD-4E7F-4E85-9084-BD5255CF3422}"
EndProject
Project("{FAE04EC0-301F-11D3-BF4B-00C04F79EFBC}") = "Exercicio6", "Exercicio6\Exercicio6.csproj", "{14FBD89A-A8FA-45F8-994E-81D06F8AB32B}"
EndProject
Project("{FAE04EC0-301F-11D3-BF4B-00C04F79EFBC}") = "Exercicio7", "Exercicio7\Exercicio7.csproj", "{8513846D-330F-4C40-A723-1A452FF076A9}"
EndProject
Project("{FAE04EC0-301F-11D3-BF4B-00C04F79EFBC}") = "Exercicio8", "Exercicio8\Exercicio8.csproj", "{0707DFFB-BA28-4EA8-B04E-AAE970E7D9F6}"
EndProject
Project("{FAE04EC0-301F-11D3-BF4B-00C04F79EFBC}") = "Exercicio9", "Exercicio9\Exercicio9.csproj", "{FA2CB996-258E-40B0-8335-77AC46EB5160}"
EndProject
Project("{FAE04EC0-301F-11D3-BF4B-00C04F79EFBC}") = "Exercicio10", "Exercicio10\Exercicio10.csproj", "{5C2AFE8D-E39A-4DE2-8DA0-4C9B00937266}"
EndProject
Project("{FAE04EC0-301F-11D3-BF4B-00C04F79EFBC}") = "Exercicio11", "Exercicio11\Exercicio11.csproj", "{CC55720A-32C2-4168-A106-422DA72DD2D5}"
EndProject
Project("{FAE04EC0-301F-11D3-BF4B-00C04F79EFBC}") = "Exercicio1", "Exercicio1\Exercicio1.csproj", "{67EB6920-4F19-4DE6-A5D6-5E867DE94307}"
EndProject
Project("{FAE04EC0-301F-11D3-BF4B-00C04F79EFBC}") = "Exercicio2", "Exercicio2\Exercicio2.csproj", "{8428BC65-E5E0-4ECD-9EC2-AFECF4F66281}"
EndProject
Global
	GlobalSection(SolutionConfigurationPlatforms) = preSolution
		Debug|Any CPU = Debug|Any CPU
		Release|Any CPU = Release|Any CPU
	EndGlobalSection
	GlobalSection(ProjectConfigurationPlatforms) = postSolution
		{820AFD14-C86E-4E76-9DA6-C96F893BE15B}.Debug|Any CPU.ActiveCfg = Debug|Any CPU
		{820AFD14-C86E-4E76-9DA6-C96F893BE15B}.Debug|Any CPU.Build.0 = Debug|Any CPU
		{820AFD14-C86E-4E76-9DA6-C96F893BE15B}.Release|Any CPU.ActiveCfg = Release|Any CPU
		{820AFD14-C86E-4E76-9DA6-C96F893BE15B}.Release|Any CPU.Build.0 = Release|Any CPU
		{28A326BF-3772-4515-8E8D-4F1510005372}.Debug|Any CPU.ActiveCfg = Debug|Any CPU
		{28A326BF-3772-4515-8E8D-4F1510005372}.Debug|Any CPU.Build.0 = Debug|Any CPU
		{28A326BF-3772-4515-8E8D-4F1510005372}.Release|Any CPU.ActiveCfg = Release|Any CPU
		{28A326BF-3772-4515-8E8D-4F1510005372}.Release|Any CPU.Build.0 = Release|Any CPU
		{DBD44BBD-4E7F-4E85-9084-BD5255CF3422}.Debug|Any CPU.ActiveCfg = Debug|Any CPU
		{DBD44BBD-4E7F-4E85-9084-BD5255CF3422}.Debug|Any CPU.Build.0 = Debug|Any CPU
		{DBD44BBD-4E7F-4E85-9084-BD5255CF3422}.Release|Any CPU.ActiveCfg = Release|Any CPU
		{DBD44BBD-4E7F-4E85-9084-BD5255CF3422}.Release|Any CPU.Build.0 = Release|Any CPU
		{14FBD89A-A8FA-45F8-994E-81D06F8AB32B}.Debug|Any CPU.ActiveCfg = Debug|Any CPU
		{14FBD89A-A8FA-45F8-994E-81D06F8AB32B}.Debug|Any CPU.Build.0 = Debug|Any CPU
		{14FBD89A-A8FA-45F8-994E-81D06F8AB32B}.Release|Any CPU.ActiveCfg = Release|Any CPU
		{14FBD89A-A8FA-45F8-994E-81D06F8AB32B}.Release|Any CPU.Build.0 = Release|Any CPU
		{8513846D-330F-4C40-A723-1A452FF076A9}.Debug|Any CPU.ActiveCfg = Debug|Any CPU
		{8513846D-330F-4C40-A723-1A452FF076A9}.Debug|Any CPU.Build.0 = Debug|Any CPU
		{8513846D-330F-4C40-A723-1A452FF076A9}.Release|Any CPU.ActiveCfg = Release|Any CPU
		{8513846D-330F-4C40-A723-1A452FF076A9}.Release|Any CPU.Build.0 = Release|Any CPU
		{0707DFFB-BA28-4EA8-B04E-AAE970E7D9F6}.Debug|Any CPU.ActiveCfg = Debug|Any CPU
		{0707DFFB-BA28-4EA8-B04E-AAE970E7D9F6}.Debug|Any CPU.Build.0 = Debug|Any CPU
		{0707DFFB-BA28-4EA8-B04E-AAE970E7D9F6}.Release|Any CPU.ActiveCfg = Release|Any CPU
		{0707DFFB-BA28-4EA8-B04E-AAE970E7D9F6}.Release|Any CPU.Build.0 = Release|Any CPU
		{FA2CB996-258E-40B0-8335-77AC46EB5160}.Debug|Any CPU.ActiveCfg = Debug|Any CPU
		{FA2CB996-258E-40B0-8335-77AC46EB5160}.Debug|Any CPU.Build.0 = Debug|Any CPU
		{FA2CB996-258E-40B0-8335-77AC46EB5160}.Release|Any CPU.ActiveCfg = Release|Any CPU
		{FA2CB996-258E-40B0-8335-77AC46EB5160}.Release|Any CPU.Build.0 = Release|Any CPU
		{5C2AFE8D-E39A-4DE2-8DA0-4C9B00937266}.Debug|Any CPU.ActiveCfg = Debug|Any CPU
		{5C2AFE8D-E39A-4DE2-8DA0-4C9B00937266}.Debug|Any CPU.Build.0 = Debug|Any CPU
		{5C2AFE8D-E39A-4DE2-8DA0-4C9B00937266}.Release|Any CPU.ActiveCfg = Release|Any CPU
		{5C2AFE8D-E39A-4DE2-8DA0-4C9B00937266}.Release|Any CPU.Build.0 = Release|Any CPU
		{CC55720A-32C2-4168-A106-422DA72DD2D5}.Debug|Any CPU.ActiveCfg = Debug|Any CPU
		{CC55720A-32C2-4168-A106-422DA72DD2D5}.Debug|Any CPU.Build.0 = Debug|Any CPU
		{CC55720A-32C2-4168-A106-422DA72DD2D5}.Release|Any CPU.ActiveCfg = Release|Any CPU
		{CC55720A-32C2-4168-A106-422DA72DD2D5}.Release|Any CPU.Build.0 = Release|Any CPU
		{67EB6920-4F19-4DE6-A5D6-5E867DE94307}.Debug|Any CPU.ActiveCfg = Debug|Any CPU
		{67EB6920-4F19-4DE6-A5D6-5E867DE94307}.Debug|Any CPU.Build.0 = Debug|Any CPU
		{67EB6920-4F19-4DE6-A5D6-5E867DE94307}.Release|Any CPU.ActiveCfg = Release|Any CPU
		{67EB6920-4F19-4DE6-A5D6-5E867DE94307}.Release|Any CPU.Build.0 = Release|Any CPU
		{8428BC65-E5E0-4ECD-9EC2-AFECF4F66281}.Debug|Any CPU.ActiveCfg = Debug|Any CPU
		{8428BC65-E5E0-4ECD-9EC2-AFECF4F66281}.Debug|Any CPU.Build.0 = Debug|Any CPU
		{8428BC65-E5E0-4ECD-9EC2-AFECF4F66281}.Release|Any CPU.ActiveCfg = Release|Any CPU
		{8428BC65-E5E0-4ECD-9EC2-AFECF4F66281}.Release|Any CPU.Build.0 = Release|Any CPU
	EndGlobalSection
	GlobalSection(SolutionProperties) = preSolution
		HideSolutionNode = FALSE
	EndGlobalSection
	GlobalSection(ExtensibilityGlobals) = postSolution
		SolutionGuid = {2DB29A43-D568-4242-996E-4E0A4ED3058F}
	EndGlobalSection
EndGlobal
