
Microsoft Visual Studio Solution File, Format Version 12.00
# Visual Studio Version 17
VisualStudioVersion = 17.14.36518.9 d17.14
MinimumVisualStudioVersion = 10.0.40219.1
Project("{FAE04EC0-301F-11D3-BF4B-00C04F79EFBC}") = "Exercicio8", "Exercicio8\Exercicio8.csproj", "{AE4F9366-04AD-4B2D-B8F3-5964ADD2CBF4}"
EndProject
Global
	GlobalSection(SolutionConfigurationPlatforms) = preSolution
		Debug|Any CPU = Debug|Any CPU
		Release|Any CPU = Release|Any CPU
	EndGlobalSection
	GlobalSection(ProjectConfigurationPlatforms) = postSolution
		{AE4F9366-04AD-4B2D-B8F3-5964ADD2CBF4}.Debug|Any CPU.ActiveCfg = Debug|Any CPU
		{AE4F9366-04AD-4B2D-B8F3-5964ADD2CBF4}.Debug|Any CPU.Build.0 = Debug|Any CPU
		{AE4F9366-04AD-4B2D-B8F3-5964ADD2CBF4}.Release|Any CPU.ActiveCfg = Release|Any CPU
		{AE4F9366-04AD-4B2D-B8F3-5964ADD2CBF4}.Release|Any CPU.Build.0 = Release|Any CPU
	EndGlobalSection
	GlobalSection(SolutionProperties) = preSolution
		HideSolutionNode = FALSE
	EndGlobalSection
	GlobalSection(ExtensibilityGlobals) = postSolution
		SolutionGuid = {72A1FF5E-9054-469B-91CD-2804167FCB8C}
	EndGlobalSection
EndGlobal
