
Microsoft Visual Studio Solution File, Format Version 12.00
# Visual Studio Version 17
VisualStudioVersion = 17.14.36414.22 d17.14
MinimumVisualStudioVersion = 10.0.40219.1
Project("{FAE04EC0-301F-11D3-BF4B-00C04F79EFBC}") = "Aula10Exercicio6", "Alula10Exercicio6\Aula10Exercicio6.csproj", "{50BC4D4E-56CE-4702-985F-B7A75258CA76}"
EndProject
Global
	GlobalSection(SolutionConfigurationPlatforms) = preSolution
		Debug|Any CPU = Debug|Any CPU
		Release|Any CPU = Release|Any CPU
	EndGlobalSection
	GlobalSection(ProjectConfigurationPlatforms) = postSolution
		{50BC4D4E-56CE-4702-985F-B7A75258CA76}.Debug|Any CPU.ActiveCfg = Debug|Any CPU
		{50BC4D4E-56CE-4702-985F-B7A75258CA76}.Debug|Any CPU.Build.0 = Debug|Any CPU
		{50BC4D4E-56CE-4702-985F-B7A75258CA76}.Release|Any CPU.ActiveCfg = Release|Any CPU
		{50BC4D4E-56CE-4702-985F-B7A75258CA76}.Release|Any CPU.Build.0 = Release|Any CPU
	EndGlobalSection
	GlobalSection(SolutionProperties) = preSolution
		HideSolutionNode = FALSE
	EndGlobalSection
	GlobalSection(ExtensibilityGlobals) = postSolution
		SolutionGuid = {BFC6A70F-DC06-4FD9-954B-2FB8933B4829}
	EndGlobalSection
EndGlobal
